[{<<"cowlib">>,
  {git,"https://github.com/ninenines/cowlib",
       {ref,"d94f5bdb32b9be3eb9bc7ad1467e9aff2b9e20e4"}},
  1},
 {<<"gun">>,
  {git,"https://github.com/ninenines/gun.git",
       {ref,"eb84f7ecab15dbcd5fd64d45e236a47b17b6b20e"}},
  0},
 {<<"ranch">>,
  {git,"https://github.com/ninenines/ranch",
       {ref,"301f582b97f82e7f7dc2d41bb575671bcc30215e"}},
  1}].
